{
    "_readme": [
        "This file locks the dependencies of your project to a known state",
        "Read more about it at https://getcomposer.org/doc/01-basic-usage.md#composer-lock-the-lock-file",
        "This file is @generated automatically"
    ],
    "hash": "de41360aa0f79999d5502d389706eafc",
    "content-hash": "338b19c9753b5d682a71686944ed769d",
    "packages": [
        {
            "name": "firehed/arctools",
            "version": "1.1.0",
            "source": {
                "type": "git",
                "url": "https://github.com/Firehed/arctools.git",
                "reference": "033cc82e777dd10a5416f544b37afb84877332ca"
            },
            "dist": {
                "type": "zip",
                "url": "https://api.github.com/repos/Firehed/arctools/zipball/033cc82e777dd10a5416f544b37afb84877332ca",
                "reference": "033cc82e777dd10a5416f544b37afb84877332ca",
                "shasum": ""
            },
            "require-dev": {
                "phpunit/phpunit": "~5.0"
            },
            "type": "library",
            "autoload": {
                "psr-4": {
                    "Firehed\\Arctools\\": "src/"
                }
            },
            "notification-url": "https://packagist.org/downloads/",
            "license": [
                "MIT"
            ],
            "authors": [
                {
                    "name": "Eric Stern",
                    "email": "eric@ericstern.com"
                }
            ],
            "description": "Easily integrate with Arcanist and libphutil",
            "time": "2015-10-16 22:30:55"
        },
        {
            "name": "firehed/common",
            "version": "1.0.3",
            "source": {
                "type": "git",
                "url": "https://github.com/Firehed/common.git",
                "reference": "23a95c6c1d9286d0a9434143641955aebe5b3a02"
            },
            "dist": {
                "type": "zip",
                "url": "https://api.github.com/repos/Firehed/common/zipball/23a95c6c1d9286d0a9434143641955aebe5b3a02",
                "reference": "23a95c6c1d9286d0a9434143641955aebe5b3a02",
                "shasum": ""
            },
            "require-dev": {
                "firehed/arctools": "1.*",
                "phpunit/phpunit": "*"
            },
            "type": "library",
            "autoload": {
                "psr-4": {
                    "Firehed\\Common\\": [
                        "src/",
                        "tests/"
                    ]
                }
            },
            "notification-url": "https://packagist.org/downloads/",
            "license": [
                "MIT"
            ],
            "authors": [
                {
                    "name": "Eric Stern",
                    "email": "eric@ericstern.com"
                }
            ],
            "description": "Common PHP tools",
            "time": "2015-09-04 19:47:04"
        },
        {
            "name": "firehed/jwt",
            "version": "1.1.0",
            "source": {
                "type": "git",
                "url": "https://github.com/Firehed/jwt.git",
                "reference": "f9f49a8067298d4235c43b6e3abeecc2c1e9c8c3"
            },
            "dist": {
                "type": "zip",
                "url": "https://api.github.com/repos/Firehed/jwt/zipball/f9f49a8067298d4235c43b6e3abeecc2c1e9c8c3",
                "reference": "f9f49a8067298d4235c43b6e3abeecc2c1e9c8c3",
                "shasum": ""
            },
            "require": {
                "firehed/arctools": "*@dev",
                "firehed/common": "*@dev"
            },
            "require-dev": {
                "phpunit/phpunit": "*"
            },
            "type": "library",
            "autoload": {
                "psr-4": {
                    "Firehed\\JWT\\": "src/"
                }
            },
            "notification-url": "https://packagist.org/downloads/",
            "license": [
                "MIT"
            ],
            "authors": [
                {
                    "name": "Eric Stern",
                    "email": "eric@ericstern.com"
                }
            ],
            "description": "JSON Web Token tools",
            "time": "2016-02-29 20:58:00"
        },
        {
            "name": "firehed/u2f",
            "version": "dev-master",
            "dist": {
                "type": "path",
                "url": "../",
                "reference": "aefdae8e0631f08aa9c8dd3d69d5262cf0c0309f",
                "shasum": null
            },
            "require-dev": {
                "firehed/arctools": "^1",
                "phpunit/phpunit": "^5.2"
            },
            "type": "library",
            "autoload": {
                "psr-4": {
                    "Firehed\\U2F\\": [
                        "src/",
                        "tests/"
                    ]
                },
                "files": [
                    "src/functions.php"
                ]
            },
            "authors": [
                {
                    "name": "Eric Stern",
                    "email": "eric@ericstern.com"
                }
            ]
        }
    ],
    "packages-dev": [],
    "aliases": [],
    "minimum-stability": "dev",
    "stability-flags": [],
    "prefer-stable": true,
    "prefer-lowest": false,
    "platform": [],
    "platform-dev": []
}
